
Microsoft Visual Studio Solution File, Format Version 12.00
# Visual Studio Version 16
VisualStudioVersion = 16.0.30611.23
MinimumVisualStudioVersion = 10.0.40219.1
Project("{FAE04EC0-301F-11D3-BF4B-00C04F79EFBC}") = "LoveCalculator", "LoveCalculator\LoveCalculator.csproj", "{FF315CBE-EBA4-45BB-9AEE-F445EE2AD00E}"
EndProject
Global
	GlobalSection(SolutionConfigurationPlatforms) = preSolution
		Debug|Any CPU = Debug|Any CPU
		Release|Any CPU = Release|Any CPU
	EndGlobalSection
	GlobalSection(ProjectConfigurationPlatforms) = postSolution
		{FF315CBE-EBA4-45BB-9AEE-F445EE2AD00E}.Debug|Any CPU.ActiveCfg = Debug|Any CPU
		{FF315CBE-EBA4-45BB-9AEE-F445EE2AD00E}.Debug|Any CPU.Build.0 = Debug|Any CPU
		{FF315CBE-EBA4-45BB-9AEE-F445EE2AD00E}.Release|Any CPU.ActiveCfg = Release|Any CPU
		{FF315CBE-EBA4-45BB-9AEE-F445EE2AD00E}.Release|Any CPU.Build.0 = Release|Any CPU
	EndGlobalSection
	GlobalSection(SolutionProperties) = preSolution
		HideSolutionNode = FALSE
	EndGlobalSection
	GlobalSection(ExtensibilityGlobals) = postSolution
		SolutionGuid = {8A01B952-0A04-4AFB-8487-E3E9E5AF485C}
	EndGlobalSection
EndGlobal
